
Microsoft Visual Studio Solution File, Format Version 12.00
# Visual Studio Version 17
VisualStudioVersion = 17.4.33213.308
MinimumVisualStudioVersion = 10.0.40219.1
Project("{FAE04EC0-301F-11D3-BF4B-00C04F79EFBC}") = "FlightBooking", "FlightBooking.csproj", "{597840FC-1291-4527-AAE2-BEB61B6BB297}"
EndProject
Global
	GlobalSection(SolutionConfigurationPlatforms) = preSolution
		Debug|Any CPU = Debug|Any CPU
		Release|Any CPU = Release|Any CPU
	EndGlobalSection
	GlobalSection(ProjectConfigurationPlatforms) = postSolution
		{597840FC-1291-4527-AAE2-BEB61B6BB297}.Debug|Any CPU.ActiveCfg = Debug|Any CPU
		{597840FC-1291-4527-AAE2-BEB61B6BB297}.Debug|Any CPU.Build.0 = Debug|Any CPU
		{597840FC-1291-4527-AAE2-BEB61B6BB297}.Release|Any CPU.ActiveCfg = Release|Any CPU
		{597840FC-1291-4527-AAE2-BEB61B6BB297}.Release|Any CPU.Build.0 = Release|Any CPU
	EndGlobalSection
	GlobalSection(SolutionProperties) = preSolution
		HideSolutionNode = FALSE
	EndGlobalSection
	GlobalSection(ExtensibilityGlobals) = postSolution
		SolutionGuid = {EC3B8496-0C62-4EF3-9143-64E46C565E55}
	EndGlobalSection
EndGlobal
